
Microsoft Visual Studio Solution File, Format Version 12.00
# Visual Studio 15
VisualStudioVersion = 15.0.28010.2003
MinimumVisualStudioVersion = 10.0.40219.1
Project("{FAE04EC0-301F-11D3-BF4B-00C04F79EFBC}") = "change IP", "change IP\change IP.csproj", "{A5F2A989-5750-4685-85CC-BD7119FAA505}"
EndProject
Global
	GlobalSection(SolutionConfigurationPlatforms) = preSolution
		Debug|Any CPU = Debug|Any CPU
		release to usb|Any CPU = release to usb|Any CPU
		Release|Any CPU = Release|Any CPU
	EndGlobalSection
	GlobalSection(ProjectConfigurationPlatforms) = postSolution
		{A5F2A989-5750-4685-85CC-BD7119FAA505}.Debug|Any CPU.ActiveCfg = Debug|Any CPU
		{A5F2A989-5750-4685-85CC-BD7119FAA505}.Debug|Any CPU.Build.0 = Debug|Any CPU
		{A5F2A989-5750-4685-85CC-BD7119FAA505}.release to usb|Any CPU.ActiveCfg = release to usb|Any CPU
		{A5F2A989-5750-4685-85CC-BD7119FAA505}.release to usb|Any CPU.Build.0 = release to usb|Any CPU
		{A5F2A989-5750-4685-85CC-BD7119FAA505}.Release|Any CPU.ActiveCfg = Release|Any CPU
		{A5F2A989-5750-4685-85CC-BD7119FAA505}.Release|Any CPU.Build.0 = Release|Any CPU
	EndGlobalSection
	GlobalSection(SolutionProperties) = preSolution
		HideSolutionNode = FALSE
	EndGlobalSection
	GlobalSection(ExtensibilityGlobals) = postSolution
		SolutionGuid = {D3BC50D8-42DC-413D-82BD-26C2531A6AC2}
	EndGlobalSection
EndGlobal
